
Microsoft Visual Studio Solution File, Format Version 12.00
# Visual Studio Version 17
VisualStudioVersion = 17.1.32414.318
MinimumVisualStudioVersion = 10.0.40219.1
Project("{9A19103F-16F7-4668-BE54-9A1E7A4F7556}") = "WorkoutGlobal.AuthorizationServiceApi", "WorkoutGlobal.AuthorizationServiceApi\WorkoutGlobal.AuthorizationServiceApi.csproj", "{1AE95AB7-4FA0-4D46-BDFE-3C75B3E67740}"
EndProject
Project("{9A19103F-16F7-4668-BE54-9A1E7A4F7556}") = "WorkoutGlobal.AuthorizationServiceApi.UnitTests", "WorkoutGlobal.AuthorizationServiceApi.UnitTests\WorkoutGlobal.AuthorizationServiceApi.UnitTests.csproj", "{0FCDBC99-B69C-43DB-BFBB-1A9C5DD1C0CD}"
EndProject
Project("{9A19103F-16F7-4668-BE54-9A1E7A4F7556}") = "WorkoutGlobal.AuthorizationServiceApi.IntegrationTests", "WorkoutGlobal.AuthorizationServiceApi.IntegrationTests\WorkoutGlobal.AuthorizationServiceApi.IntegrationTests.csproj", "{4DF8E4E8-71EF-425E-B68F-0A96939714AE}"
EndProject
Project("{9A19103F-16F7-4668-BE54-9A1E7A4F7556}") = "WorkoutGlobal.Shared.Messages", "..\..\Shared messages\WorkoutGlobal.Shared\WorkoutGlobal.Shared.Messages\WorkoutGlobal.Shared.Messages.csproj", "{FDA715E0-CE41-4A70-8A91-1DB2C9819238}"
EndProject
Global
	GlobalSection(SolutionConfigurationPlatforms) = preSolution
		Debug|Any CPU = Debug|Any CPU
		Release|Any CPU = Release|Any CPU
	EndGlobalSection
	GlobalSection(ProjectConfigurationPlatforms) = postSolution
		{1AE95AB7-4FA0-4D46-BDFE-3C75B3E67740}.Debug|Any CPU.ActiveCfg = Debug|Any CPU
		{1AE95AB7-4FA0-4D46-BDFE-3C75B3E67740}.Debug|Any CPU.Build.0 = Debug|Any CPU
		{1AE95AB7-4FA0-4D46-BDFE-3C75B3E67740}.Release|Any CPU.ActiveCfg = Release|Any CPU
		{1AE95AB7-4FA0-4D46-BDFE-3C75B3E67740}.Release|Any CPU.Build.0 = Release|Any CPU
		{0FCDBC99-B69C-43DB-BFBB-1A9C5DD1C0CD}.Debug|Any CPU.ActiveCfg = Debug|Any CPU
		{0FCDBC99-B69C-43DB-BFBB-1A9C5DD1C0CD}.Debug|Any CPU.Build.0 = Debug|Any CPU
		{0FCDBC99-B69C-43DB-BFBB-1A9C5DD1C0CD}.Release|Any CPU.ActiveCfg = Release|Any CPU
		{0FCDBC99-B69C-43DB-BFBB-1A9C5DD1C0CD}.Release|Any CPU.Build.0 = Release|Any CPU
		{4DF8E4E8-71EF-425E-B68F-0A96939714AE}.Debug|Any CPU.ActiveCfg = Debug|Any CPU
		{4DF8E4E8-71EF-425E-B68F-0A96939714AE}.Debug|Any CPU.Build.0 = Debug|Any CPU
		{4DF8E4E8-71EF-425E-B68F-0A96939714AE}.Release|Any CPU.ActiveCfg = Release|Any CPU
		{4DF8E4E8-71EF-425E-B68F-0A96939714AE}.Release|Any CPU.Build.0 = Release|Any CPU
		{FDA715E0-CE41-4A70-8A91-1DB2C9819238}.Debug|Any CPU.ActiveCfg = Debug|Any CPU
		{FDA715E0-CE41-4A70-8A91-1DB2C9819238}.Debug|Any CPU.Build.0 = Debug|Any CPU
		{FDA715E0-CE41-4A70-8A91-1DB2C9819238}.Release|Any CPU.ActiveCfg = Release|Any CPU
		{FDA715E0-CE41-4A70-8A91-1DB2C9819238}.Release|Any CPU.Build.0 = Release|Any CPU
	EndGlobalSection
	GlobalSection(SolutionProperties) = preSolution
		HideSolutionNode = FALSE
	EndGlobalSection
	GlobalSection(ExtensibilityGlobals) = postSolution
		SolutionGuid = {3FD655B4-4255-4957-9583-F4F4C4BECE6B}
	EndGlobalSection
EndGlobal
